
Microsoft Visual Studio Solution File, Format Version 12.00
# Visual Studio Version 17
VisualStudioVersion = 17.4.33110.190
MinimumVisualStudioVersion = 10.0.40219.1
Project("{FAE04EC0-301F-11D3-BF4B-00C04F79EFBC}") = "DotNet7_Rate_Limiting", "DotNet7_Rate_Limiting\DotNet7_Rate_Limiting.csproj", "{8E7A0037-AD95-4F7F-811A-D5ACCD39938A}"
EndProject
Global
	GlobalSection(SolutionConfigurationPlatforms) = preSolution
		Debug|Any CPU = Debug|Any CPU
		Release|Any CPU = Release|Any CPU
	EndGlobalSection
	GlobalSection(ProjectConfigurationPlatforms) = postSolution
		{8E7A0037-AD95-4F7F-811A-D5ACCD39938A}.Debug|Any CPU.ActiveCfg = Debug|Any CPU
		{8E7A0037-AD95-4F7F-811A-D5ACCD39938A}.Debug|Any CPU.Build.0 = Debug|Any CPU
		{8E7A0037-AD95-4F7F-811A-D5ACCD39938A}.Release|Any CPU.ActiveCfg = Release|Any CPU
		{8E7A0037-AD95-4F7F-811A-D5ACCD39938A}.Release|Any CPU.Build.0 = Release|Any CPU
	EndGlobalSection
	GlobalSection(SolutionProperties) = preSolution
		HideSolutionNode = FALSE
	EndGlobalSection
	GlobalSection(ExtensibilityGlobals) = postSolution
		SolutionGuid = {AAB17388-7E39-441E-9B5A-6BAA19D45154}
	EndGlobalSection
EndGlobal
